
Microsoft Visual Studio Solution File, Format Version 12.00
# Visual Studio Version 17
VisualStudioVersion = 17.2.32505.173
MinimumVisualStudioVersion = 10.0.40219.1
Project("{FAE04EC0-301F-11D3-BF4B-00C04F79EFBC}") = "ConsoleApp1", "ConsoleApp1\ConsoleApp1.csproj", "{B63347C4-643B-4A1A-9946-65F81054FE3C}"
EndProject
Global
	GlobalSection(SolutionConfigurationPlatforms) = preSolution
		Debug|Any CPU = Debug|Any CPU
		Release|Any CPU = Release|Any CPU
	EndGlobalSection
	GlobalSection(ProjectConfigurationPlatforms) = postSolution
		{B63347C4-643B-4A1A-9946-65F81054FE3C}.Debug|Any CPU.ActiveCfg = Debug|Any CPU
		{B63347C4-643B-4A1A-9946-65F81054FE3C}.Debug|Any CPU.Build.0 = Debug|Any CPU
		{B63347C4-643B-4A1A-9946-65F81054FE3C}.Release|Any CPU.ActiveCfg = Release|Any CPU
		{B63347C4-643B-4A1A-9946-65F81054FE3C}.Release|Any CPU.Build.0 = Release|Any CPU
	EndGlobalSection
	GlobalSection(SolutionProperties) = preSolution
		HideSolutionNode = FALSE
	EndGlobalSection
	GlobalSection(ExtensibilityGlobals) = postSolution
		SolutionGuid = {0DCE8632-4DB2-474E-96A1-61C4F13B6829}
	EndGlobalSection
EndGlobal
